// !$*UTF8*$!
{
	archiveVersion = 1;
	classes = {
	};
	objectVersion = 46;
	objects = {

/* Begin PBXBuildFile section */
		5C13A5FC894E0B5188F2610D /* Pods_Parsetagram.framework in Frameworks */ = {isa = PBXBuildFile; fileRef = 7ADF15B644B4E9EAE5A7D3B0 /* Pods_Parsetagram.framework */; };
		CF39A8041D18BB1E00C2B8BA /* InfiniteScrollActivityView.swift in Sources */ = {isa = PBXBuildFile; fileRef = CF39A8031D18BB1E00C2B8BA /* InfiniteScrollActivityView.swift */; };
		CF39A8071D18CD2900C2B8BA /* PostDetailViewController.swift in Sources */ = {isa = PBXBuildFile; fileRef = CF39A8061D18CD2900C2B8BA /* PostDetailViewController.swift */; };
		CFABFEF41D19EAC300626770 /* home.png in Resources */ = {isa = PBXBuildFile; fileRef = CFABFEF11D19EAC300626770 /* home.png */; };
		CFABFEF51D19EAC300626770 /* camera.png in Resources */ = {isa = PBXBuildFile; fileRef = CFABFEF21D19EAC300626770 /* camera.png */; };
		CFABFEF61D19EAC300626770 /* user.png in Resources */ = {isa = PBXBuildFile; fileRef = CFABFEF31D19EAC300626770 /* user.png */; };
		CFF0F9341D188E98002DA680 /* AppDelegate.swift in Sources */ = {isa = PBXBuildFile; fileRef = CFF0F9331D188E98002DA680 /* AppDelegate.swift */; };
		CFF0F9391D188E98002DA680 /* Main.storyboard in Resources */ = {isa = PBXBuildFile; fileRef = CFF0F9371D188E98002DA680 /* Main.storyboard */; };
		CFF0F93B1D188E98002DA680 /* Assets.xcassets in Resources */ = {isa = PBXBuildFile; fileRef = CFF0F93A1D188E98002DA680 /* Assets.xcassets */; };
		CFF0F93E1D188E98002DA680 /* LaunchScreen.storyboard in Resources */ = {isa = PBXBuildFile; fileRef = CFF0F93C1D188E98002DA680 /* LaunchScreen.storyboard */; };
		CFF55E231D18925B0010D9BB /* LoginViewController.swift in Sources */ = {isa = PBXBuildFile; fileRef = CFF55E221D18925B0010D9BB /* LoginViewController.swift */; };
		CFF55E261D1898BE0010D9BB /* FeedViewController.swift in Sources */ = {isa = PBXBuildFile; fileRef = CFF55E251D1898BE0010D9BB /* FeedViewController.swift */; };
		CFF55E281D189B810010D9BB /* UploadViewController.swift in Sources */ = {isa = PBXBuildFile; fileRef = CFF55E271D189B810010D9BB /* UploadViewController.swift */; };
		CFF55E2B1D189D550010D9BB /* imagePlaceholder.png in Resources */ = {isa = PBXBuildFile; fileRef = CFF55E2A1D189D550010D9BB /* imagePlaceholder.png */; };
		CFF55E2E1D189F390010D9BB /* Post.swift in Sources */ = {isa = PBXBuildFile; fileRef = CFF55E2D1D189F390010D9BB /* Post.swift */; };
		CFF55E361D18AB560010D9BB /* FeedCell.swift in Sources */ = {isa = PBXBuildFile; fileRef = CFF55E351D18AB560010D9BB /* FeedCell.swift */; };
/* End PBXBuildFile section */

/* Begin PBXFileReference section */
		7ADF15B644B4E9EAE5A7D3B0 /* Pods_Parsetagram.framework */ = {isa = PBXFileReference; explicitFileType = wrapper.framework; includeInIndex = 0; path = Pods_Parsetagram.framework; sourceTree = BUILT_PRODUCTS_DIR; };
		98C6E61FDC5A4E96BB011787 /* Pods-Parsetagram.debug.xcconfig */ = {isa = PBXFileReference; includeInIndex = 1; lastKnownFileType = text.xcconfig; name = "Pods-Parsetagram.debug.xcconfig"; path = "Pods/Target Support Files/Pods-Parsetagram/Pods-Parsetagram.debug.xcconfig"; sourceTree = "<group>"; };
		B2B9B1C7AD5C3F17E6F56DB7 /* Pods-Parsetagram.release.xcconfig */ = {isa = PBXFileReference; includeInIndex = 1; lastKnownFileType = text.xcconfig; name = "Pods-Parsetagram.release.xcconfig"; path = "Pods/Target Support Files/Pods-Parsetagram/Pods-Parsetagram.release.xcconfig"; sourceTree = "<group>"; };
		CF39A8031D18BB1E00C2B8BA /* InfiniteScrollActivityView.swift */ = {isa = PBXFileReference; fileEncoding = 4; lastKnownFileType = sourcecode.swift; path = InfiniteScrollActivityView.swift; sourceTree = "<group>"; };
		CF39A8061D18CD2900C2B8BA /* PostDetailViewController.swift */ = {isa = PBXFileReference; fileEncoding = 4; lastKnownFileType = sourcecode.swift; path = PostDetailViewController.swift; sourceTree = "<group>"; };
		CFABFEF11D19EAC300626770 /* home.png */ = {isa = PBXFileReference; lastKnownFileType = image.png; path = home.png; sourceTree = "<group>"; };
		CFABFEF21D19EAC300626770 /* camera.png */ = {isa = PBXFileReference; lastKnownFileType = image.png; path = camera.png; sourceTree = "<group>"; };
		CFABFEF31D19EAC300626770 /* user.png */ = {isa = PBXFileReference; lastKnownFileType = image.png; path = user.png; sourceTree = "<group>"; };
		CFF0F9301D188E98002DA680 /* Parsetagram.app */ = {isa = PBXFileReference; explicitFileType = wrapper.application; includeInIndex = 0; path = Parsetagram.app; sourceTree = BUILT_PRODUCTS_DIR; };
		CFF0F9331D188E98002DA680 /* AppDelegate.swift */ = {isa = PBXFileReference; lastKnownFileType = sourcecode.swift; path = AppDelegate.swift; sourceTree = "<group>"; };
		CFF0F9381D188E98002DA680 /* Base */ = {isa = PBXFileReference; lastKnownFileType = file.storyboard; name = Base; path = Base.lproj/Main.storyboard; sourceTree = "<group>"; };
		CFF0F93A1D188E98002DA680 /* Assets.xcassets */ = {isa = PBXFileReference; lastKnownFileType = folder.assetcatalog; path = Assets.xcassets; sourceTree = "<group>"; };
		CFF0F93D1D188E98002DA680 /* Base */ = {isa = PBXFileReference; lastKnownFileType = file.storyboard; name = Base; path = Base.lproj/LaunchScreen.storyboard; sourceTree = "<group>"; };
		CFF0F93F1D188E98002DA680 /* Info.plist */ = {isa = PBXFileReference; lastKnownFileType = text.plist.xml; path = Info.plist; sourceTree = "<group>"; };
		CFF55E221D18925B0010D9BB /* LoginViewController.swift */ = {isa = PBXFileReference; fileEncoding = 4; lastKnownFileType = sourcecode.swift; path = LoginViewController.swift; sourceTree = "<group>"; };
		CFF55E251D1898BE0010D9BB /* FeedViewController.swift */ = {isa = PBXFileReference; fileEncoding = 4; lastKnownFileType = sourcecode.swift; path = FeedViewController.swift; sourceTree = "<group>"; };
		CFF55E271D189B810010D9BB /* UploadViewController.swift */ = {isa = PBXFileReference; fileEncoding = 4; lastKnownFileType = sourcecode.swift; path = UploadViewController.swift; sourceTree = "<group>"; };
		CFF55E2A1D189D550010D9BB /* imagePlaceholder.png */ = {isa = PBXFileReference; lastKnownFileType = image.png; path = imagePlaceholder.png; sourceTree = "<group>"; };
		CFF55E2D1D189F390010D9BB /* Post.swift */ = {isa = PBXFileReference; fileEncoding = 4; lastKnownFileType = sourcecode.swift; path = Post.swift; sourceTree = "<group>"; };
		CFF55E351D18AB560010D9BB /* FeedCell.swift */ = {isa = PBXFileReference; fileEncoding = 4; lastKnownFileType = sourcecode.swift; path = FeedCell.swift; sourceTree = "<group>"; };
/* End PBXFileReference section */

/* Begin PBXFrameworksBuildPhase section */
		CFF0F92D1D188E98002DA680 /* Frameworks */ = {
			isa = PBXFrameworksBuildPhase;
			buildActionMask = 2147483647;
			files = (
				5C13A5FC894E0B5188F2610D /* Pods_Parsetagram.framework in Frameworks */,
			);
			runOnlyForDeploymentPostprocessing = 0;
		};
/* End PBXFrameworksBuildPhase section */

/* Begin PBXGroup section */
		5464937BC63ED5D42D6061B6 /* Pods */ = {
			isa = PBXGroup;
			children = (
				98C6E61FDC5A4E96BB011787 /* Pods-Parsetagram.debug.xcconfig */,
				B2B9B1C7AD5C3F17E6F56DB7 /* Pods-Parsetagram.release.xcconfig */,
			);
			name = Pods;
			sourceTree = "<group>";
		};
		7D3134D32C04036AAEEF5D5A /* Frameworks */ = {
			isa = PBXGroup;
			children = (
				7ADF15B644B4E9EAE5A7D3B0 /* Pods_Parsetagram.framework */,
			);
			name = Frameworks;
			sourceTree = "<group>";
		};
		CF39A8051D18BB5100C2B8BA /* Views */ = {
			isa = PBXGroup;
			children = (
				CF39A8031D18BB1E00C2B8BA /* InfiniteScrollActivityView.swift */,
			);
			name = Views;
			sourceTree = "<group>";
		};
		CFF0F9271D188E98002DA680 = {
			isa = PBXGroup;
			children = (
				CFF0F9321D188E98002DA680 /* Parsetagram */,
				CFF0F9311D188E98002DA680 /* Products */,
				5464937BC63ED5D42D6061B6 /* Pods */,
				7D3134D32C04036AAEEF5D5A /* Frameworks */,
			);
			sourceTree = "<group>";
		};
		CFF0F9311D188E98002DA680 /* Products */ = {
			isa = PBXGroup;
			children = (
				CFF0F9301D188E98002DA680 /* Parsetagram.app */,
			);
			name = Products;
			sourceTree = "<group>";
		};
		CFF0F9321D188E98002DA680 /* Parsetagram */ = {
			isa = PBXGroup;
			children = (
				CF39A8051D18BB5100C2B8BA /* Views */,
				CFF55E2C1D189F310010D9BB /* Models */,
				CFF55E291D189D4D0010D9BB /* Images */,
				CFF55E241D1892690010D9BB /* View Controllers */,
				CFF0F9331D188E98002DA680 /* AppDelegate.swift */,
				CFF0F9371D188E98002DA680 /* Main.storyboard */,
				CFF0F93A1D188E98002DA680 /* Assets.xcassets */,
				CFF0F93C1D188E98002DA680 /* LaunchScreen.storyboard */,
				CFF0F93F1D188E98002DA680 /* Info.plist */,
			);
			path = Parsetagram;
			sourceTree = "<group>";
		};
		CFF55E241D1892690010D9BB /* View Controllers */ = {
			isa = PBXGroup;
			children = (
				CFF55E221D18925B0010D9BB /* LoginViewController.swift */,
				CFF55E251D1898BE0010D9BB /* FeedViewController.swift */,
				CFF55E271D189B810010D9BB /* UploadViewController.swift */,
				CF39A8061D18CD2900C2B8BA /* PostDetailViewController.swift */,
			);
			name = "View Controllers";
			sourceTree = "<group>";
		};
		CFF55E291D189D4D0010D9BB /* Images */ = {
			isa = PBXGroup;
			children = (
				CFABFEF11D19EAC300626770 /* home.png */,
				CFABFEF21D19EAC300626770 /* camera.png */,
				CFABFEF31D19EAC300626770 /* user.png */,
				CFF55E2A1D189D550010D9BB /* imagePlaceholder.png */,
			);
			name = Images;
			sourceTree = "<group>";
		};
		CFF55E2C1D189F310010D9BB /* Models */ = {
			isa = PBXGroup;
			children = (
				CFF55E2D1D189F390010D9BB /* Post.swift */,
				CFF55E351D18AB560010D9BB /* FeedCell.swift */,
			);
			name = Models;
			sourceTree = "<group>";
		};
/* End PBXGroup section */

/* Begin PBXNativeTarget section */
		CFF0F92F1D188E98002DA680 /* Parsetagram */ = {
			isa = PBXNativeTarget;
			buildConfigurationList = CFF0F9421D188E98002DA680 /* Build configuration list for PBXNativeTarget "Parsetagram" */;
			buildPhases = (
				294A6E8E0AD807A63129CB27 /* [CP] Check Pods Manifest.lock */,
				CFF0F92C1D188E98002DA680 /* Sources */,
				CFF0F92D1D188E98002DA680 /* Frameworks */,
				CFF0F92E1D188E98002DA680 /* Resources */,
				2474D734C030F2518B7B5D8D /* [CP] Embed Pods Frameworks */,
				22D0CF23E05C790BDBFB8AC6 /* [CP] Copy Pods Resources */,
			);
			buildRules = (
			);
			dependencies = (
			);
			name = Parsetagram;
			productName = Parsetagram;
			productReference = CFF0F9301D188E98002DA680 /* Parsetagram.app */;
			productType = "com.apple.product-type.application";
		};
/* End PBXNativeTarget section */

/* Begin PBXProject section */
		CFF0F9281D188E98002DA680 /* Project object */ = {
			isa = PBXProject;
			attributes = {
				LastSwiftUpdateCheck = 0730;
				LastUpgradeCheck = 0730;
				ORGANIZATIONNAME = "Alexander Strandberg";
				TargetAttributes = {
					CFF0F92F1D188E98002DA680 = {
						CreatedOnToolsVersion = 7.3.1;
					};
				};
			};
			buildConfigurationList = CFF0F92B1D188E98002DA680 /* Build configuration list for PBXProject "Parsetagram" */;
			compatibilityVersion = "Xcode 3.2";
			developmentRegion = English;
			hasScannedForEncodings = 0;
			knownRegions = (
				en,
				Base,
			);
			mainGroup = CFF0F9271D188E98002DA680;
			productRefGroup = CFF0F9311D188E98002DA680 /* Products */;
			projectDirPath = "";
			projectRoot = "";
			targets = (
				CFF0F92F1D188E98002DA680 /* Parsetagram */,
			);
		};
/* End PBXProject section */

/* Begin PBXResourcesBuildPhase section */
		CFF0F92E1D188E98002DA680 /* Resources */ = {
			isa = PBXResourcesBuildPhase;
			buildActionMask = 2147483647;
			files = (
				CFF0F93E1D188E98002DA680 /* LaunchScreen.storyboard in Resources */,
				CFABFEF41D19EAC300626770 /* home.png in Resources */,
				CFF55E2B1D189D550010D9BB /* imagePlaceholder.png in Resources */,
				CFF0F93B1D188E98002DA680 /* Assets.xcassets in Resources */,
				CFABFEF61D19EAC300626770 /* user.png in Resources */,
				CFABFEF51D19EAC300626770 /* camera.png in Resources */,
				CFF0F9391D188E98002DA680 /* Main.storyboard in Resources */,
			);
			runOnlyForDeploymentPostprocessing = 0;
		};
/* End PBXResourcesBuildPhase section */

/* Begin PBXShellScriptBuildPhase section */
		22D0CF23E05C790BDBFB8AC6 /* [CP] Copy Pods Resources */ = {
			isa = PBXShellScriptBuildPhase;
			buildActionMask = 2147483647;
			files = (
			);
			inputPaths = (
			);
			name = "[CP] Copy Pods Resources";
			outputPaths = (
			);
			runOnlyForDeploymentPostprocessing = 0;
			shellPath = /bin/sh;
			shellScript = "\"${SRCROOT}/Pods/Target Support Files/Pods-Parsetagram/Pods-Parsetagram-resources.sh\"\n";
			showEnvVarsInLog = 0;
		};
		2474D734C030F2518B7B5D8D /* [CP] Embed Pods Frameworks */ = {
			isa = PBXShellScriptBuildPhase;
			buildActionMask = 2147483647;
			files = (
			);
			inputPaths = (
			);
			name = "[CP] Embed Pods Frameworks";
			outputPaths = (
			);
			runOnlyForDeploymentPostprocessing = 0;
			shellPath = /bin/sh;
			shellScript = "\"${SRCROOT}/Pods/Target Support Files/Pods-Parsetagram/Pods-Parsetagram-frameworks.sh\"\n";
			showEnvVarsInLog = 0;
		};
		294A6E8E0AD807A63129CB27 /* [CP] Check Pods Manifest.lock */ = {
			isa = PBXShellScriptBuildPhase;
			buildActionMask = 2147483647;
			files = (
			);
			inputPaths = (
			);
			name = "[CP] Check Pods Manifest.lock";
			outputPaths = (
			);
			runOnlyForDeploymentPostprocessing = 0;
			shellPath = /bin/sh;
			shellScript = "diff \"${PODS_ROOT}/../Podfile.lock\" \"${PODS_ROOT}/Manifest.lock\" > /dev/null\nif [[ $? != 0 ]] ; then\n    cat << EOM\nerror: The sandbox is not in sync with the Podfile.lock. Run 'pod install' or update your CocoaPods installation.\nEOM\n    exit 1\nfi\n";
			showEnvVarsInLog = 0;
		};
/* End PBXShellScriptBuildPhase section */

/* Begin PBXSourcesBuildPhase section */
		CFF0F92C1D188E98002DA680 /* Sources */ = {
			isa = PBXSourcesBuildPhase;
			buildActionMask = 2147483647;
			files = (
				CF39A8041D18BB1E00C2B8BA /* InfiniteScrollActivityView.swift in Sources */,
				CFF55E361D18AB560010D9BB /* FeedCell.swift in Sources */,
				CFF55E231D18925B0010D9BB /* LoginViewController.swift in Sources */,
				CF39A8071D18CD2900C2B8BA /* PostDetailViewController.swift in Sources */,
				CFF55E281D189B810010D9BB /* UploadViewController.swift in Sources */,
				CFF55E261D1898BE0010D9BB /* FeedViewController.swift in Sources */,
				CFF0F9341D188E98002DA680 /* AppDelegate.swift in Sources */,
				CFF55E2E1D189F390010D9BB /* Post.swift in Sources */,
			);
			runOnlyForDeploymentPostprocessing = 0;
		};
/* End PBXSourcesBuildPhase section */

/* Begin PBXVariantGroup section */
		CFF0F9371D188E98002DA680 /* Main.storyboard */ = {
			isa = PBXVariantGroup;
			children = (
				CFF0F9381D188E98002DA680 /* Base */,
			);
			name = Main.storyboard;
			sourceTree = "<group>";
		};
		CFF0F93C1D188E98002DA680 /* LaunchScreen.storyboard */ = {
			isa = PBXVariantGroup;
			children = (
				CFF0F93D1D188E98002DA680 /* Base */,
			);
			name = LaunchScreen.storyboard;
			sourceTree = "<group>";
		};
/* End PBXVariantGroup section */

/* Begin XCBuildConfiguration section */
		CFF0F9401D188E98002DA680 /* Debug */ = {
			isa = XCBuildConfiguration;
			buildSettings = {
				ALWAYS_SEARCH_USER_PATHS = NO;
				CLANG_ANALYZER_NONNULL = YES;
				CLANG_CXX_LANGUAGE_STANDARD = "gnu++0x";
				CLANG_CXX_LIBRARY = "libc++";
				CLANG_ENABLE_MODULES = YES;
				CLANG_ENABLE_OBJC_ARC = YES;
				CLANG_WARN_BOOL_CONVERSION = YES;
				CLANG_WARN_CONSTANT_CONVERSION = YES;
				CLANG_WARN_DIRECT_OBJC_ISA_USAGE = YES_ERROR;
				CLANG_WARN_EMPTY_BODY = YES;
				CLANG_WARN_ENUM_CONVERSION = YES;
				CLANG_WARN_INT_CONVERSION = YES;
				CLANG_WARN_OBJC_ROOT_CLASS = YES_ERROR;
				CLANG_WARN_UNREACHABLE_CODE = YES;
				CLANG_WARN__DUPLICATE_METHOD_MATCH = YES;
				"CODE_SIGN_IDENTITY[sdk=iphoneos*]" = "iPhone Developer";
				COPY_PHASE_STRIP = NO;
				DEBUG_INFORMATION_FORMAT = dwarf;
				ENABLE_STRICT_OBJC_MSGSEND = YES;
				ENABLE_TESTABILITY = YES;
				GCC_C_LANGUAGE_STANDARD = gnu99;
				GCC_DYNAMIC_NO_PIC = NO;
				GCC_NO_COMMON_BLOCKS = YES;
				GCC_OPTIMIZATION_LEVEL = 0;
				GCC_PREPROCESSOR_DEFINITIONS = (
					"DEBUG=1",
					"$(inherited)",
				);
				GCC_WARN_64_TO_32_BIT_CONVERSION = YES;
				GCC_WARN_ABOUT_RETURN_TYPE = YES_ERROR;
				GCC_WARN_UNDECLARED_SELECTOR = YES;
				GCC_WARN_UNINITIALIZED_AUTOS = YES_AGGRESSIVE;
				GCC_WARN_UNUSED_FUNCTION = YES;
				GCC_WARN_UNUSED_VARIABLE = YES;
				IPHONEOS_DEPLOYMENT_TARGET = 9.3;
				MTL_ENABLE_DEBUG_INFO = YES;
				ONLY_ACTIVE_ARCH = YES;
				SDKROOT = iphoneos;
				SWIFT_OPTIMIZATION_LEVEL = "-Onone";
			};
			name = Debug;
		};
		CFF0F9411D188E98002DA680 /* Release */ = {
			isa = XCBuildConfiguration;
			buildSettings = {
				ALWAYS_SEARCH_USER_PATHS = NO;
				CLANG_ANALYZER_NONNULL = YES;
				CLANG_CXX_LANGUAGE_STANDARD = "gnu++0x";
				CLANG_CXX_LIBRARY = "libc++";
				CLANG_ENABLE_MODULES = YES;
				CLANG_ENABLE_OBJC_ARC = YES;
				CLANG_WARN_BOOL_CONVERSION = YES;
				CLANG_WARN_CONSTANT_CONVERSION = YES;
				CLANG_WARN_DIRECT_OBJC_ISA_USAGE = YES_ERROR;
				CLANG_WARN_EMPTY_BODY = YES;
				CLANG_WARN_ENUM_CONVERSION = YES;
				CLANG_WARN_INT_CONVERSION = YES;
				CLANG_WARN_OBJC_ROOT_CLASS = YES_ERROR;
				CLANG_WARN_UNREACHABLE_CODE = YES;
				CLANG_WARN__DUPLICATE_METHOD_MATCH = YES;
				"CODE_SIGN_IDENTITY[sdk=iphoneos*]" = "iPhone Developer";
				COPY_PHASE_STRIP = NO;
				DEBUG_INFORMATION_FORMAT = "dwarf-with-dsym";
				ENABLE_NS_ASSERTIONS = NO;
				ENABLE_STRICT_OBJC_MSGSEND = YES;
				GCC_C_LANGUAGE_STANDARD = gnu99;
				GCC_NO_COMMON_BLOCKS = YES;
				GCC_WARN_64_TO_32_BIT_CONVERSION = YES;
				GCC_WARN_ABOUT_RETURN_TYPE = YES_ERROR;
				GCC_WARN_UNDECLARED_SELECTOR = YES;
				GCC_WARN_UNINITIALIZED_AUTOS = YES_AGGRESSIVE;
				GCC_WARN_UNUSED_FUNCTION = YES;
				GCC_WARN_UNUSED_VARIABLE = YES;
				IPHONEOS_DEPLOYMENT_TARGET = 9.3;
				MTL_ENABLE_DEBUG_INFO = NO;
				SDKROOT = iphoneos;
				VALIDATE_PRODUCT = YES;
			};
			name = Release;
		};
		CFF0F9431D188E98002DA680 /* Debug */ = {
			isa = XCBuildConfiguration;
			baseConfigurationReference = 98C6E61FDC5A4E96BB011787 /* Pods-Parsetagram.debug.xcconfig */;
			buildSettings = {
				ASSETCATALOG_COMPILER_APPICON_NAME = AppIcon;
				INFOPLIST_FILE = Parsetagram/Info.plist;
				LD_RUNPATH_SEARCH_PATHS = "$(inherited) @executable_path/Frameworks";
				PRODUCT_BUNDLE_IDENTIFIER = com.codepath.Parsetagram;
				PRODUCT_NAME = "$(TARGET_NAME)";
			};
			name = Debug;
		};
		CFF0F9441D188E98002DA680 /* Release */ = {
			isa = XCBuildConfiguration;
			baseConfigurationReference = B2B9B1C7AD5C3F17E6F56DB7 /* Pods-Parsetagram.release.xcconfig */;
			buildSettings = {
				ASSETCATALOG_COMPILER_APPICON_NAME = AppIcon;
				INFOPLIST_FILE = Parsetagram/Info.plist;
				LD_RUNPATH_SEARCH_PATHS = "$(inherited) @executable_path/Frameworks";
				PRODUCT_BUNDLE_IDENTIFIER = com.codepath.Parsetagram;
				PRODUCT_NAME = "$(TARGET_NAME)";
			};
			name = Release;
		};
/* End XCBuildConfiguration section */

/* Begin XCConfigurationList section */
		CFF0F92B1D188E98002DA680 /* Build configuration list for PBXProject "Parsetagram" */ = {
			isa = XCConfigurationList;
			buildConfigurations = (
				CFF0F9401D188E98002DA680 /* Debug */,
				CFF0F9411D188E98002DA680 /* Release */,
			);
			defaultConfigurationIsVisible = 0;
			defaultConfigurationName = Release;
		};
		CFF0F9421D188E98002DA680 /* Build configuration list for PBXNativeTarget "Parsetagram" */ = {
			isa = XCConfigurationList;
			buildConfigurations = (
				CFF0F9431D188E98002DA680 /* Debug */,
				CFF0F9441D188E98002DA680 /* Release */,
			);
			defaultConfigurationIsVisible = 0;
			defaultConfigurationName = Release;
		};
/* End XCConfigurationList section */
	};
	rootObject = CFF0F9281D188E98002DA680 /* Project object */;
}
